PODS:
  - Alamofire (5.1.0)
  - PureLayout (3.1.6)

DEPENDENCIES:
  - Alamofire
  - PureLayout

SPEC REPOS:
  trunk:
    - Alamofire
    - PureLayout

SPEC CHECKSUMS:
  Alamofire: 9d5c5f602928e512395b30950c5984eca840093c
  PureLayout: bd3c4ec3a3819ad387c99ebb72c6b129c3ed4d2d

PODFILE CHECKSUM: fc416989c33304828d263313fdeb69745b520efa

COCOAPODS: 1.9.1
