// !$*UTF8*$!
{
	archiveVersion = 1;
	classes = {
	};
	objectVersion = 51;
	objects = {

/* Begin PBXBuildFile section */
		020BE9E02470711000173AE5 /* NetworkServiceTests.swift in Sources */ = {isa = PBXBuildFile; fileRef = 020BE9DF2470711000173AE5 /* NetworkServiceTests.swift */; };
		020BE9E62470842900173AE5 /* SaveServiceProtocol.swift in Sources */ = {isa = PBXBuildFile; fileRef = 020BE9E52470842900173AE5 /* SaveServiceProtocol.swift */; };
		020BE9E82470844400173AE5 /* SaveService.swift in Sources */ = {isa = PBXBuildFile; fileRef = 020BE9E72470844400173AE5 /* SaveService.swift */; };
		020BE9EB2470855C00173AE5 /* NewsObject.swift in Sources */ = {isa = PBXBuildFile; fileRef = 020BE9EA2470855C00173AE5 /* NewsObject.swift */; };
		020BE9EE2470870900173AE5 /* NewsDTO.swift in Sources */ = {isa = PBXBuildFile; fileRef = 020BE9ED2470870900173AE5 /* NewsDTO.swift */; };
		020BE9F124709B9E00173AE5 /* SaveServiceTests.swift in Sources */ = {isa = PBXBuildFile; fileRef = 020BE9F024709B9E00173AE5 /* SaveServiceTests.swift */; };
		020BE9F4247139C000173AE5 /* MockDependencyContainer.swift in Sources */ = {isa = PBXBuildFile; fileRef = 020BE9F3247139C000173AE5 /* MockDependencyContainer.swift */; };
		020BEA3B2471E58100173AE5 /* NewsListPresenterDelegate.swift in Sources */ = {isa = PBXBuildFile; fileRef = 020BEA2D2471E58100173AE5 /* NewsListPresenterDelegate.swift */; };
		020BEA3C2471E58100173AE5 /* NewsListPresenter.swift in Sources */ = {isa = PBXBuildFile; fileRef = 020BEA2E2471E58100173AE5 /* NewsListPresenter.swift */; };
		020BEA3D2471E58100173AE5 /* NewsListPresenterProtocol.swift in Sources */ = {isa = PBXBuildFile; fileRef = 020BEA2F2471E58100173AE5 /* NewsListPresenterProtocol.swift */; };
		020BEA3E2471E58100173AE5 /* NewsListViewController.swift in Sources */ = {isa = PBXBuildFile; fileRef = 020BEA312471E58100173AE5 /* NewsListViewController.swift */; };
		020BEA3F2471E58100173AE5 /* NewsListBuilder.swift in Sources */ = {isa = PBXBuildFile; fileRef = 020BEA332471E58100173AE5 /* NewsListBuilder.swift */; };
		020BEA402471E58100173AE5 /* NewsListInteractorDelegate.swift in Sources */ = {isa = PBXBuildFile; fileRef = 020BEA352471E58100173AE5 /* NewsListInteractorDelegate.swift */; };
		020BEA412471E58100173AE5 /* NewsListInteractor.swift in Sources */ = {isa = PBXBuildFile; fileRef = 020BEA362471E58100173AE5 /* NewsListInteractor.swift */; };
		020BEA422471E58100173AE5 /* NewsListInteractorProtocol.swift in Sources */ = {isa = PBXBuildFile; fileRef = 020BEA372471E58100173AE5 /* NewsListInteractorProtocol.swift */; };
		020BEA432471E58100173AE5 /* NewsListRouterProtocol.swift in Sources */ = {isa = PBXBuildFile; fileRef = 020BEA392471E58100173AE5 /* NewsListRouterProtocol.swift */; };
		020BEA442471E58100173AE5 /* NewsListRouter.swift in Sources */ = {isa = PBXBuildFile; fileRef = 020BEA3A2471E58100173AE5 /* NewsListRouter.swift */; };
		020BEA462472FC9B00173AE5 /* TabBarDependencyContainer.swift in Sources */ = {isa = PBXBuildFile; fileRef = 020BEA452472FC9B00173AE5 /* TabBarDependencyContainer.swift */; };
		020BEA4A247304ED00173AE5 /* SettingsService.swift in Sources */ = {isa = PBXBuildFile; fileRef = 020BEA49247304ED00173AE5 /* SettingsService.swift */; };
		020BEA4C247304F800173AE5 /* SettingsServiceProtocol.swift in Sources */ = {isa = PBXBuildFile; fileRef = 020BEA4B247304F800173AE5 /* SettingsServiceProtocol.swift */; };
		020BEA4F247313B400173AE5 /* News.swift in Sources */ = {isa = PBXBuildFile; fileRef = 020BEA4E247313B400173AE5 /* News.swift */; };
		020BEA5124731B1600173AE5 /* NewsViewModel.swift in Sources */ = {isa = PBXBuildFile; fileRef = 020BEA5024731B1600173AE5 /* NewsViewModel.swift */; };
		020BEA5324731E0300173AE5 /* NewsPresenterViewModelProtocol.swift in Sources */ = {isa = PBXBuildFile; fileRef = 020BEA5224731E0300173AE5 /* NewsPresenterViewModelProtocol.swift */; };
		020BEA5C2473240700173AE5 /* NewsViewModelFactory.swift in Sources */ = {isa = PBXBuildFile; fileRef = 020BEA5B2473240700173AE5 /* NewsViewModelFactory.swift */; };
		020BEA5F2473241C00173AE5 /* NewsViewModelFactoryProtocol.swift in Sources */ = {isa = PBXBuildFile; fileRef = 020BEA5E2473241C00173AE5 /* NewsViewModelFactoryProtocol.swift */; };
		020BEA622473263D00173AE5 /* NewsListDependencyContainer.swift in Sources */ = {isa = PBXBuildFile; fileRef = 020BEA612473263D00173AE5 /* NewsListDependencyContainer.swift */; };
		020BEA6424732A7F00173AE5 /* SettingsServiceTests.swift in Sources */ = {isa = PBXBuildFile; fileRef = 020BEA6324732A7F00173AE5 /* SettingsServiceTests.swift */; };
		020BEA6A24796B8500173AE5 /* NewsParserFactoryProtocol.swift in Sources */ = {isa = PBXBuildFile; fileRef = 020BEA6924796B8500173AE5 /* NewsParserFactoryProtocol.swift */; };
		020BEA6C24796B8E00173AE5 /* NewsParserFactory.swift in Sources */ = {isa = PBXBuildFile; fileRef = 020BEA6B24796B8E00173AE5 /* NewsParserFactory.swift */; };
		020BEA70247AC5F100173AE5 /* NewsTableViewCell.swift in Sources */ = {isa = PBXBuildFile; fileRef = 020BEA6F247AC5F100173AE5 /* NewsTableViewCell.swift */; };
		020BEA73247ACE3600173AE5 /* NewsSourcesProviderProtocol.swift in Sources */ = {isa = PBXBuildFile; fileRef = 020BEA72247ACE3600173AE5 /* NewsSourcesProviderProtocol.swift */; };
		020BEA75247ACE4100173AE5 /* NewsSourcesProvider.swift in Sources */ = {isa = PBXBuildFile; fileRef = 020BEA74247ACE4100173AE5 /* NewsSourcesProvider.swift */; };
		020BEA76247ACEA300173AE5 /* NewsSource.swift in Sources */ = {isa = PBXBuildFile; fileRef = 020BEA6D2479A10C00173AE5 /* NewsSource.swift */; };
		020BEA78247ACEF600173AE5 /* NewsSources.json in Resources */ = {isa = PBXBuildFile; fileRef = 020BEA77247ACEF600173AE5 /* NewsSources.json */; };
		020BEA7A247AD0F900173AE5 /* NewsSources.swift in Sources */ = {isa = PBXBuildFile; fileRef = 020BEA79247AD0F900173AE5 /* NewsSources.swift */; };
		020BEA7D247AD1E900173AE5 /* NewsSourcesProviderTests.swift in Sources */ = {isa = PBXBuildFile; fileRef = 020BEA7C247AD1E900173AE5 /* NewsSourcesProviderTests.swift */; };
		020BEA94247D9E8C00173AE5 /* WebPresenter.swift in Sources */ = {isa = PBXBuildFile; fileRef = 020BEA86247D9E8B00173AE5 /* WebPresenter.swift */; };
		020BEA95247D9E8C00173AE5 /* WebPresenterProtocol.swift in Sources */ = {isa = PBXBuildFile; fileRef = 020BEA87247D9E8B00173AE5 /* WebPresenterProtocol.swift */; };
		020BEA96247D9E8C00173AE5 /* WebPresenterDelegate.swift in Sources */ = {isa = PBXBuildFile; fileRef = 020BEA88247D9E8B00173AE5 /* WebPresenterDelegate.swift */; };
		020BEA97247D9E8C00173AE5 /* WebViewController.swift in Sources */ = {isa = PBXBuildFile; fileRef = 020BEA8A247D9E8B00173AE5 /* WebViewController.swift */; };
		020BEA98247D9E8C00173AE5 /* WebBuilder.swift in Sources */ = {isa = PBXBuildFile; fileRef = 020BEA8C247D9E8B00173AE5 /* WebBuilder.swift */; };
		020BEA99247D9E8C00173AE5 /* WebInteractorProtocol.swift in Sources */ = {isa = PBXBuildFile; fileRef = 020BEA8E247D9E8B00173AE5 /* WebInteractorProtocol.swift */; };
		020BEA9A247D9E8C00173AE5 /* WebInteractorDelegate.swift in Sources */ = {isa = PBXBuildFile; fileRef = 020BEA8F247D9E8B00173AE5 /* WebInteractorDelegate.swift */; };
		020BEA9B247D9E8C00173AE5 /* WebInteractor.swift in Sources */ = {isa = PBXBuildFile; fileRef = 020BEA90247D9E8B00173AE5 /* WebInteractor.swift */; };
		020BEA9C247D9E8C00173AE5 /* WebRouterProtocol.swift in Sources */ = {isa = PBXBuildFile; fileRef = 020BEA92247D9E8B00173AE5 /* WebRouterProtocol.swift */; };
		020BEA9D247D9E8C00173AE5 /* WebRouter.swift in Sources */ = {isa = PBXBuildFile; fileRef = 020BEA93247D9E8B00173AE5 /* WebRouter.swift */; };
		0280FC2A246F3067007973D9 /* AppDelegate.swift in Sources */ = {isa = PBXBuildFile; fileRef = 0280FC29246F3067007973D9 /* AppDelegate.swift */; };
		0280FC33246F306A007973D9 /* Assets.xcassets in Resources */ = {isa = PBXBuildFile; fileRef = 0280FC32246F306A007973D9 /* Assets.xcassets */; };
		0280FC36246F306A007973D9 /* LaunchScreen.storyboard in Resources */ = {isa = PBXBuildFile; fileRef = 0280FC34246F306A007973D9 /* LaunchScreen.storyboard */; };
		0280FC41246F306A007973D9 /* NewsTests.swift in Sources */ = {isa = PBXBuildFile; fileRef = 0280FC40246F306A007973D9 /* NewsTests.swift */; };
		02AA764C246F37C600A06904 /* DependencyContainer.swift in Sources */ = {isa = PBXBuildFile; fileRef = 02AA764B246F37C600A06904 /* DependencyContainer.swift */; };
		02AA765B246FD9BC00A06904 /* NewsKit.framework in Frameworks */ = {isa = PBXBuildFile; fileRef = 02AA7652246FD9BC00A06904 /* NewsKit.framework */; };
		02AA7664246FD9BC00A06904 /* NewsKit.h in Headers */ = {isa = PBXBuildFile; fileRef = 02AA7654246FD9BC00A06904 /* NewsKit.h */; settings = {ATTRIBUTES = (Public, ); }; };
		02AA7667246FD9BC00A06904 /* NewsKit.framework in Frameworks */ = {isa = PBXBuildFile; fileRef = 02AA7652246FD9BC00A06904 /* NewsKit.framework */; };
		02AA7668246FD9BC00A06904 /* NewsKit.framework in Embed Frameworks */ = {isa = PBXBuildFile; fileRef = 02AA7652246FD9BC00A06904 /* NewsKit.framework */; settings = {ATTRIBUTES = (CodeSignOnCopy, RemoveHeadersOnCopy, ); }; };
		02AA7672246FDE5000A06904 /* NetworkServiceProtocol.swift in Sources */ = {isa = PBXBuildFile; fileRef = 02AA7671246FDE5000A06904 /* NetworkServiceProtocol.swift */; };
		02AA7676246FDF2800A06904 /* NewsAPIModel.swift in Sources */ = {isa = PBXBuildFile; fileRef = 02AA7675246FDF2800A06904 /* NewsAPIModel.swift */; };
		02AA767C246FE3C100A06904 /* NewsParserProtocol.swift in Sources */ = {isa = PBXBuildFile; fileRef = 02AA767B246FE3C100A06904 /* NewsParserProtocol.swift */; };
		02AA767E246FE47600A06904 /* NewsParser.swift in Sources */ = {isa = PBXBuildFile; fileRef = 02AA767D246FE47600A06904 /* NewsParser.swift */; };
		02AA768424700C4800A06904 /* NewsParserTests.swift in Sources */ = {isa = PBXBuildFile; fileRef = 02AA768324700C4800A06904 /* NewsParserTests.swift */; };
		02AA76A32470386400A06904 /* TabBarPresenterProtocol.swift in Sources */ = {isa = PBXBuildFile; fileRef = 02AA76952470386400A06904 /* TabBarPresenterProtocol.swift */; };
		02AA76A42470386400A06904 /* TabBarPresenter.swift in Sources */ = {isa = PBXBuildFile; fileRef = 02AA76962470386400A06904 /* TabBarPresenter.swift */; };
		02AA76A52470386400A06904 /* TabBarPresenterDelegate.swift in Sources */ = {isa = PBXBuildFile; fileRef = 02AA76972470386400A06904 /* TabBarPresenterDelegate.swift */; };
		02AA76A62470386400A06904 /* TabBarViewController.swift in Sources */ = {isa = PBXBuildFile; fileRef = 02AA76992470386400A06904 /* TabBarViewController.swift */; };
		02AA76A72470386400A06904 /* TabBarBuilder.swift in Sources */ = {isa = PBXBuildFile; fileRef = 02AA769B2470386400A06904 /* TabBarBuilder.swift */; };
		02AA76A82470386400A06904 /* TabBarInteractorProtocol.swift in Sources */ = {isa = PBXBuildFile; fileRef = 02AA769D2470386400A06904 /* TabBarInteractorProtocol.swift */; };
		02AA76A92470386400A06904 /* TabBarInteractorDelegate.swift in Sources */ = {isa = PBXBuildFile; fileRef = 02AA769E2470386400A06904 /* TabBarInteractorDelegate.swift */; };
		02AA76AA2470386400A06904 /* TabBarInteractor.swift in Sources */ = {isa = PBXBuildFile; fileRef = 02AA769F2470386400A06904 /* TabBarInteractor.swift */; };
		02AA76AB2470386400A06904 /* TabBarRouterProtocol.swift in Sources */ = {isa = PBXBuildFile; fileRef = 02AA76A12470386400A06904 /* TabBarRouterProtocol.swift */; };
		02AA76AC2470386400A06904 /* TabBarRouter.swift in Sources */ = {isa = PBXBuildFile; fileRef = 02AA76A22470386400A06904 /* TabBarRouter.swift */; };
		02AA76AE24703B7600A06904 /* MockRSS.xml in Resources */ = {isa = PBXBuildFile; fileRef = 02AA76AD24703B1B00A06904 /* MockRSS.xml */; };
		02AA76B12470609F00A06904 /* NetworkService.swift in Sources */ = {isa = PBXBuildFile; fileRef = 02AA76B02470609F00A06904 /* NetworkService.swift */; };
		314B070F2299DB25C950E1DC /* Pods_NewsKitTests.framework in Frameworks */ = {isa = PBXBuildFile; fileRef = 0A03CCEC1E763A6778512ADB /* Pods_NewsKitTests.framework */; };
		A59D083E08366B3981EE36AF /* Pods_NewsKit.framework in Frameworks */ = {isa = PBXBuildFile; fileRef = 52861C6D41906E0294C458F7 /* Pods_NewsKit.framework */; };
		BCBC65572280C17BC393AD97 /* Pods_News.framework in Frameworks */ = {isa = PBXBuildFile; fileRef = 98A3B36DDFA97D589B480116 /* Pods_News.framework */; };
		D61F953A7E59BB9244B7B795 /* Pods_NewsTests.framework in Frameworks */ = {isa = PBXBuildFile; fileRef = F92012E36040569330FD9D42 /* Pods_NewsTests.framework */; };
/* End PBXBuildFile section */

/* Begin PBXContainerItemProxy section */
		0280FC3D246F306A007973D9 /* PBXContainerItemProxy */ = {
			isa = PBXContainerItemProxy;
			containerPortal = 0280FC1E246F3067007973D9 /* Project object */;
			proxyType = 1;
			remoteGlobalIDString = 0280FC25246F3067007973D9;
			remoteInfo = News;
		};
		02AA765C246FD9BC00A06904 /* PBXContainerItemProxy */ = {
			isa = PBXContainerItemProxy;
			containerPortal = 0280FC1E246F3067007973D9 /* Project object */;
			proxyType = 1;
			remoteGlobalIDString = 02AA7651246FD9BC00A06904;
			remoteInfo = NewsKit;
		};
		02AA765E246FD9BC00A06904 /* PBXContainerItemProxy */ = {
			isa = PBXContainerItemProxy;
			containerPortal = 0280FC1E246F3067007973D9 /* Project object */;
			proxyType = 1;
			remoteGlobalIDString = 0280FC25246F3067007973D9;
			remoteInfo = News;
		};
		02AA7665246FD9BC00A06904 /* PBXContainerItemProxy */ = {
			isa = PBXContainerItemProxy;
			containerPortal = 0280FC1E246F3067007973D9 /* Project object */;
			proxyType = 1;
			remoteGlobalIDString = 02AA7651246FD9BC00A06904;
			remoteInfo = NewsKit;
		};
/* End PBXContainerItemProxy section */

/* Begin PBXCopyFilesBuildPhase section */
		02AA7669246FD9BC00A06904 /* Embed Frameworks */ = {
			isa = PBXCopyFilesBuildPhase;
			buildActionMask = 2147483647;
			dstPath = "";
			dstSubfolderSpec = 10;
			files = (
				02AA7668246FD9BC00A06904 /* NewsKit.framework in Embed Frameworks */,
			);
			name = "Embed Frameworks";
			runOnlyForDeploymentPostprocessing = 0;
		};
/* End PBXCopyFilesBuildPhase section */

/* Begin PBXFileReference section */
		020BE9DF2470711000173AE5 /* NetworkServiceTests.swift */ = {isa = PBXFileReference; lastKnownFileType = sourcecode.swift; path = NetworkServiceTests.swift; sourceTree = "<group>"; };
		020BE9E52470842900173AE5 /* SaveServiceProtocol.swift */ = {isa = PBXFileReference; lastKnownFileType = sourcecode.swift; path = SaveServiceProtocol.swift; sourceTree = "<group>"; };
		020BE9E72470844400173AE5 /* SaveService.swift */ = {isa = PBXFileReference; lastKnownFileType = sourcecode.swift; path = SaveService.swift; sourceTree = "<group>"; };
		020BE9EA2470855C00173AE5 /* NewsObject.swift */ = {isa = PBXFileReference; lastKnownFileType = sourcecode.swift; path = NewsObject.swift; sourceTree = "<group>"; };
		020BE9ED2470870900173AE5 /* NewsDTO.swift */ = {isa = PBXFileReference; lastKnownFileType = sourcecode.swift; path = NewsDTO.swift; sourceTree = "<group>"; };
		020BE9F024709B9E00173AE5 /* SaveServiceTests.swift */ = {isa = PBXFileReference; lastKnownFileType = sourcecode.swift; path = SaveServiceTests.swift; sourceTree = "<group>"; };
		020BE9F3247139C000173AE5 /* MockDependencyContainer.swift */ = {isa = PBXFileReference; lastKnownFileType = sourcecode.swift; path = MockDependencyContainer.swift; sourceTree = "<group>"; };
		020BEA2D2471E58100173AE5 /* NewsListPresenterDelegate.swift */ = {isa = PBXFileReference; fileEncoding = 4; lastKnownFileType = sourcecode.swift; path = NewsListPresenterDelegate.swift; sourceTree = "<group>"; };
		020BEA2E2471E58100173AE5 /* NewsListPresenter.swift */ = {isa = PBXFileReference; fileEncoding = 4; lastKnownFileType = sourcecode.swift; path = NewsListPresenter.swift; sourceTree = "<group>"; };
		020BEA2F2471E58100173AE5 /* NewsListPresenterProtocol.swift */ = {isa = PBXFileReference; fileEncoding = 4; lastKnownFileType = sourcecode.swift; path = NewsListPresenterProtocol.swift; sourceTree = "<group>"; };
		020BEA312471E58100173AE5 /* NewsListViewController.swift */ = {isa = PBXFileReference; fileEncoding = 4; lastKnownFileType = sourcecode.swift; path = NewsListViewController.swift; sourceTree = "<group>"; };
		020BEA332471E58100173AE5 /* NewsListBuilder.swift */ = {isa = PBXFileReference; fileEncoding = 4; lastKnownFileType = sourcecode.swift; path = NewsListBuilder.swift; sourceTree = "<group>"; };
		020BEA352471E58100173AE5 /* NewsListInteractorDelegate.swift */ = {isa = PBXFileReference; fileEncoding = 4; lastKnownFileType = sourcecode.swift; path = NewsListInteractorDelegate.swift; sourceTree = "<group>"; };
		020BEA362471E58100173AE5 /* NewsListInteractor.swift */ = {isa = PBXFileReference; fileEncoding = 4; lastKnownFileType = sourcecode.swift; path = NewsListInteractor.swift; sourceTree = "<group>"; };
		020BEA372471E58100173AE5 /* NewsListInteractorProtocol.swift */ = {isa = PBXFileReference; fileEncoding = 4; lastKnownFileType = sourcecode.swift; path = NewsListInteractorProtocol.swift; sourceTree = "<group>"; };
		020BEA392471E58100173AE5 /* NewsListRouterProtocol.swift */ = {isa = PBXFileReference; fileEncoding = 4; lastKnownFileType = sourcecode.swift; path = NewsListRouterProtocol.swift; sourceTree = "<group>"; };
		020BEA3A2471E58100173AE5 /* NewsListRouter.swift */ = {isa = PBXFileReference; fileEncoding = 4; lastKnownFileType = sourcecode.swift; path = NewsListRouter.swift; sourceTree = "<group>"; };
		020BEA452472FC9B00173AE5 /* TabBarDependencyContainer.swift */ = {isa = PBXFileReference; lastKnownFileType = sourcecode.swift; path = TabBarDependencyContainer.swift; sourceTree = "<group>"; };
		020BEA49247304ED00173AE5 /* SettingsService.swift */ = {isa = PBXFileReference; lastKnownFileType = sourcecode.swift; path = SettingsService.swift; sourceTree = "<group>"; };
		020BEA4B247304F800173AE5 /* SettingsServiceProtocol.swift */ = {isa = PBXFileReference; lastKnownFileType = sourcecode.swift; path = SettingsServiceProtocol.swift; sourceTree = "<group>"; };
		020BEA4E247313B400173AE5 /* News.swift */ = {isa = PBXFileReference; lastKnownFileType = sourcecode.swift; path = News.swift; sourceTree = "<group>"; };
		020BEA5024731B1600173AE5 /* NewsViewModel.swift */ = {isa = PBXFileReference; lastKnownFileType = sourcecode.swift; path = NewsViewModel.swift; sourceTree = "<group>"; };
		020BEA5224731E0300173AE5 /* NewsPresenterViewModelProtocol.swift */ = {isa = PBXFileReference; lastKnownFileType = sourcecode.swift; path = NewsPresenterViewModelProtocol.swift; sourceTree = "<group>"; };
		020BEA5B2473240700173AE5 /* NewsViewModelFactory.swift */ = {isa = PBXFileReference; lastKnownFileType = sourcecode.swift; path = NewsViewModelFactory.swift; sourceTree = "<group>"; };
		020BEA5E2473241C00173AE5 /* NewsViewModelFactoryProtocol.swift */ = {isa = PBXFileReference; lastKnownFileType = sourcecode.swift; path = NewsViewModelFactoryProtocol.swift; sourceTree = "<group>"; };
		020BEA612473263D00173AE5 /* NewsListDependencyContainer.swift */ = {isa = PBXFileReference; lastKnownFileType = sourcecode.swift; path = NewsListDependencyContainer.swift; sourceTree = "<group>"; };
		020BEA6324732A7F00173AE5 /* SettingsServiceTests.swift */ = {isa = PBXFileReference; lastKnownFileType = sourcecode.swift; path = SettingsServiceTests.swift; sourceTree = "<group>"; };
		020BEA6924796B8500173AE5 /* NewsParserFactoryProtocol.swift */ = {isa = PBXFileReference; lastKnownFileType = sourcecode.swift; path = NewsParserFactoryProtocol.swift; sourceTree = "<group>"; };
		020BEA6B24796B8E00173AE5 /* NewsParserFactory.swift */ = {isa = PBXFileReference; lastKnownFileType = sourcecode.swift; path = NewsParserFactory.swift; sourceTree = "<group>"; };
		020BEA6D2479A10C00173AE5 /* NewsSource.swift */ = {isa = PBXFileReference; lastKnownFileType = sourcecode.swift; path = NewsSource.swift; sourceTree = "<group>"; };
		020BEA6F247AC5F100173AE5 /* NewsTableViewCell.swift */ = {isa = PBXFileReference; lastKnownFileType = sourcecode.swift; path = NewsTableViewCell.swift; sourceTree = "<group>"; };
		020BEA72247ACE3600173AE5 /* NewsSourcesProviderProtocol.swift */ = {isa = PBXFileReference; lastKnownFileType = sourcecode.swift; path = NewsSourcesProviderProtocol.swift; sourceTree = "<group>"; };
		020BEA74247ACE4100173AE5 /* NewsSourcesProvider.swift */ = {isa = PBXFileReference; lastKnownFileType = sourcecode.swift; path = NewsSourcesProvider.swift; sourceTree = "<group>"; };
		020BEA77247ACEF600173AE5 /* NewsSources.json */ = {isa = PBXFileReference; lastKnownFileType = text.json; path = NewsSources.json; sourceTree = "<group>"; };
		020BEA79247AD0F900173AE5 /* NewsSources.swift */ = {isa = PBXFileReference; lastKnownFileType = sourcecode.swift; path = NewsSources.swift; sourceTree = "<group>"; };
		020BEA7C247AD1E900173AE5 /* NewsSourcesProviderTests.swift */ = {isa = PBXFileReference; lastKnownFileType = sourcecode.swift; path = NewsSourcesProviderTests.swift; sourceTree = "<group>"; };
		020BEA86247D9E8B00173AE5 /* WebPresenter.swift */ = {isa = PBXFileReference; fileEncoding = 4; lastKnownFileType = sourcecode.swift; path = WebPresenter.swift; sourceTree = "<group>"; };
		020BEA87247D9E8B00173AE5 /* WebPresenterProtocol.swift */ = {isa = PBXFileReference; fileEncoding = 4; lastKnownFileType = sourcecode.swift; path = WebPresenterProtocol.swift; sourceTree = "<group>"; };
		020BEA88247D9E8B00173AE5 /* WebPresenterDelegate.swift */ = {isa = PBXFileReference; fileEncoding = 4; lastKnownFileType = sourcecode.swift; path = WebPresenterDelegate.swift; sourceTree = "<group>"; };
		020BEA8A247D9E8B00173AE5 /* WebViewController.swift */ = {isa = PBXFileReference; fileEncoding = 4; lastKnownFileType = sourcecode.swift; path = WebViewController.swift; sourceTree = "<group>"; };
		020BEA8C247D9E8B00173AE5 /* WebBuilder.swift */ = {isa = PBXFileReference; fileEncoding = 4; lastKnownFileType = sourcecode.swift; path = WebBuilder.swift; sourceTree = "<group>"; };
		020BEA8E247D9E8B00173AE5 /* WebInteractorProtocol.swift */ = {isa = PBXFileReference; fileEncoding = 4; lastKnownFileType = sourcecode.swift; path = WebInteractorProtocol.swift; sourceTree = "<group>"; };
		020BEA8F247D9E8B00173AE5 /* WebInteractorDelegate.swift */ = {isa = PBXFileReference; fileEncoding = 4; lastKnownFileType = sourcecode.swift; path = WebInteractorDelegate.swift; sourceTree = "<group>"; };
		020BEA90247D9E8B00173AE5 /* WebInteractor.swift */ = {isa = PBXFileReference; fileEncoding = 4; lastKnownFileType = sourcecode.swift; path = WebInteractor.swift; sourceTree = "<group>"; };
		020BEA92247D9E8B00173AE5 /* WebRouterProtocol.swift */ = {isa = PBXFileReference; fileEncoding = 4; lastKnownFileType = sourcecode.swift; path = WebRouterProtocol.swift; sourceTree = "<group>"; };
		020BEA93247D9E8B00173AE5 /* WebRouter.swift */ = {isa = PBXFileReference; fileEncoding = 4; lastKnownFileType = sourcecode.swift; path = WebRouter.swift; sourceTree = "<group>"; };
		0280FC26246F3067007973D9 /* News.app */ = {isa = PBXFileReference; explicitFileType = wrapper.application; includeInIndex = 0; path = News.app; sourceTree = BUILT_PRODUCTS_DIR; };
		0280FC29246F3067007973D9 /* AppDelegate.swift */ = {isa = PBXFileReference; lastKnownFileType = sourcecode.swift; path = AppDelegate.swift; sourceTree = "<group>"; };
		0280FC32246F306A007973D9 /* Assets.xcassets */ = {isa = PBXFileReference; lastKnownFileType = folder.assetcatalog; path = Assets.xcassets; sourceTree = "<group>"; };
		0280FC35246F306A007973D9 /* Base */ = {isa = PBXFileReference; lastKnownFileType = file.storyboard; name = Base; path = Base.lproj/LaunchScreen.storyboard; sourceTree = "<group>"; };
		0280FC37246F306A007973D9 /* Info.plist */ = {isa = PBXFileReference; lastKnownFileType = text.plist.xml; path = Info.plist; sourceTree = "<group>"; };
		0280FC3C246F306A007973D9 /* NewsTests.xctest */ = {isa = PBXFileReference; explicitFileType = wrapper.cfbundle; includeInIndex = 0; path = NewsTests.xctest; sourceTree = BUILT_PRODUCTS_DIR; };
		0280FC40246F306A007973D9 /* NewsTests.swift */ = {isa = PBXFileReference; lastKnownFileType = sourcecode.swift; path = NewsTests.swift; sourceTree = "<group>"; };
		0280FC42246F306A007973D9 /* Info.plist */ = {isa = PBXFileReference; lastKnownFileType = text.plist.xml; path = Info.plist; sourceTree = "<group>"; };
		02AA764B246F37C600A06904 /* DependencyContainer.swift */ = {isa = PBXFileReference; lastKnownFileType = sourcecode.swift; path = DependencyContainer.swift; sourceTree = "<group>"; };
		02AA7652246FD9BC00A06904 /* NewsKit.framework */ = {isa = PBXFileReference; explicitFileType = wrapper.framework; includeInIndex = 0; path = NewsKit.framework; sourceTree = BUILT_PRODUCTS_DIR; };
		02AA7654246FD9BC00A06904 /* NewsKit.h */ = {isa = PBXFileReference; lastKnownFileType = sourcecode.c.h; path = NewsKit.h; sourceTree = "<group>"; };
		02AA7655246FD9BC00A06904 /* Info.plist */ = {isa = PBXFileReference; lastKnownFileType = text.plist.xml; path = Info.plist; sourceTree = "<group>"; };
		02AA765A246FD9BC00A06904 /* NewsKitTests.xctest */ = {isa = PBXFileReference; explicitFileType = wrapper.cfbundle; includeInIndex = 0; path = NewsKitTests.xctest; sourceTree = BUILT_PRODUCTS_DIR; };
		02AA7663246FD9BC00A06904 /* Info.plist */ = {isa = PBXFileReference; lastKnownFileType = text.plist.xml; path = Info.plist; sourceTree = "<group>"; };
		02AA7671246FDE5000A06904 /* NetworkServiceProtocol.swift */ = {isa = PBXFileReference; lastKnownFileType = sourcecode.swift; path = NetworkServiceProtocol.swift; sourceTree = "<group>"; };
		02AA7675246FDF2800A06904 /* NewsAPIModel.swift */ = {isa = PBXFileReference; lastKnownFileType = sourcecode.swift; path = NewsAPIModel.swift; sourceTree = "<group>"; };
		02AA767B246FE3C100A06904 /* NewsParserProtocol.swift */ = {isa = PBXFileReference; lastKnownFileType = sourcecode.swift; path = NewsParserProtocol.swift; sourceTree = "<group>"; };
		02AA767D246FE47600A06904 /* NewsParser.swift */ = {isa = PBXFileReference; lastKnownFileType = sourcecode.swift; path = NewsParser.swift; sourceTree = "<group>"; };
		02AA768324700C4800A06904 /* NewsParserTests.swift */ = {isa = PBXFileReference; lastKnownFileType = sourcecode.swift; path = NewsParserTests.swift; sourceTree = "<group>"; };
		02AA76952470386400A06904 /* TabBarPresenterProtocol.swift */ = {isa = PBXFileReference; fileEncoding = 4; lastKnownFileType = sourcecode.swift; path = TabBarPresenterProtocol.swift; sourceTree = "<group>"; };
		02AA76962470386400A06904 /* TabBarPresenter.swift */ = {isa = PBXFileReference; fileEncoding = 4; lastKnownFileType = sourcecode.swift; path = TabBarPresenter.swift; sourceTree = "<group>"; };
		02AA76972470386400A06904 /* TabBarPresenterDelegate.swift */ = {isa = PBXFileReference; fileEncoding = 4; lastKnownFileType = sourcecode.swift; path = TabBarPresenterDelegate.swift; sourceTree = "<group>"; };
		02AA76992470386400A06904 /* TabBarViewController.swift */ = {isa = PBXFileReference; fileEncoding = 4; lastKnownFileType = sourcecode.swift; path = TabBarViewController.swift; sourceTree = "<group>"; };
		02AA769B2470386400A06904 /* TabBarBuilder.swift */ = {isa = PBXFileReference; fileEncoding = 4; lastKnownFileType = sourcecode.swift; path = TabBarBuilder.swift; sourceTree = "<group>"; };
		02AA769D2470386400A06904 /* TabBarInteractorProtocol.swift */ = {isa = PBXFileReference; fileEncoding = 4; lastKnownFileType = sourcecode.swift; path = TabBarInteractorProtocol.swift; sourceTree = "<group>"; };
		02AA769E2470386400A06904 /* TabBarInteractorDelegate.swift */ = {isa = PBXFileReference; fileEncoding = 4; lastKnownFileType = sourcecode.swift; path = TabBarInteractorDelegate.swift; sourceTree = "<group>"; };
		02AA769F2470386400A06904 /* TabBarInteractor.swift */ = {isa = PBXFileReference; fileEncoding = 4; lastKnownFileType = sourcecode.swift; path = TabBarInteractor.swift; sourceTree = "<group>"; };
		02AA76A12470386400A06904 /* TabBarRouterProtocol.swift */ = {isa = PBXFileReference; fileEncoding = 4; lastKnownFileType = sourcecode.swift; path = TabBarRouterProtocol.swift; sourceTree = "<group>"; };
		02AA76A22470386400A06904 /* TabBarRouter.swift */ = {isa = PBXFileReference; fileEncoding = 4; lastKnownFileType = sourcecode.swift; path = TabBarRouter.swift; sourceTree = "<group>"; };
		02AA76AD24703B1B00A06904 /* MockRSS.xml */ = {isa = PBXFileReference; lastKnownFileType = text.xml; path = MockRSS.xml; sourceTree = "<group>"; };
		02AA76B02470609F00A06904 /* NetworkService.swift */ = {isa = PBXFileReference; lastKnownFileType = sourcecode.swift; path = NetworkService.swift; sourceTree = "<group>"; };
		0393E48330142722ACB9C41A /* Pods-NewsTests.release.xcconfig */ = {isa = PBXFileReference; includeInIndex = 1; lastKnownFileType = text.xcconfig; name = "Pods-NewsTests.release.xcconfig"; path = "Target Support Files/Pods-NewsTests/Pods-NewsTests.release.xcconfig"; sourceTree = "<group>"; };
		0A03CCEC1E763A6778512ADB /* Pods_NewsKitTests.framework */ = {isa = PBXFileReference; explicitFileType = wrapper.framework; includeInIndex = 0; path = Pods_NewsKitTests.framework; sourceTree = BUILT_PRODUCTS_DIR; };
		346B94A898B3DEEAB84A0640 /* Pods-NewsKitTests.release.xcconfig */ = {isa = PBXFileReference; includeInIndex = 1; lastKnownFileType = text.xcconfig; name = "Pods-NewsKitTests.release.xcconfig"; path = "Target Support Files/Pods-NewsKitTests/Pods-NewsKitTests.release.xcconfig"; sourceTree = "<group>"; };
		4A7417AC4D32B9DE16A430EC /* Pods-NewsTests.debug.xcconfig */ = {isa = PBXFileReference; includeInIndex = 1; lastKnownFileType = text.xcconfig; name = "Pods-NewsTests.debug.xcconfig"; path = "Target Support Files/Pods-NewsTests/Pods-NewsTests.debug.xcconfig"; sourceTree = "<group>"; };
		4BEA8C2800382E10C5650A91 /* Pods-NewsKitTests.debug.xcconfig */ = {isa = PBXFileReference; includeInIndex = 1; lastKnownFileType = text.xcconfig; name = "Pods-NewsKitTests.debug.xcconfig"; path = "Target Support Files/Pods-NewsKitTests/Pods-NewsKitTests.debug.xcconfig"; sourceTree = "<group>"; };
		52861C6D41906E0294C458F7 /* Pods_NewsKit.framework */ = {isa = PBXFileReference; explicitFileType = wrapper.framework; includeInIndex = 0; path = Pods_NewsKit.framework; sourceTree = BUILT_PRODUCTS_DIR; };
		90F7C86F163DA1F92403A6C5 /* Pods-News.debug.xcconfig */ = {isa = PBXFileReference; includeInIndex = 1; lastKnownFileType = text.xcconfig; name = "Pods-News.debug.xcconfig"; path = "Target Support Files/Pods-News/Pods-News.debug.xcconfig"; sourceTree = "<group>"; };
		98A3B36DDFA97D589B480116 /* Pods_News.framework */ = {isa = PBXFileReference; explicitFileType = wrapper.framework; includeInIndex = 0; path = Pods_News.framework; sourceTree = BUILT_PRODUCTS_DIR; };
		A3F84F361648C29CA6486514 /* Pods-NewsKit.release.xcconfig */ = {isa = PBXFileReference; includeInIndex = 1; lastKnownFileType = text.xcconfig; name = "Pods-NewsKit.release.xcconfig"; path = "Target Support Files/Pods-NewsKit/Pods-NewsKit.release.xcconfig"; sourceTree = "<group>"; };
		A4BDAA224F5B5EF11D91F458 /* Pods-NewsKit.debug.xcconfig */ = {isa = PBXFileReference; includeInIndex = 1; lastKnownFileType = text.xcconfig; name = "Pods-NewsKit.debug.xcconfig"; path = "Target Support Files/Pods-NewsKit/Pods-NewsKit.debug.xcconfig"; sourceTree = "<group>"; };
		B04A2B86DFCBBD4018CE4B45 /* Pods-News.release.xcconfig */ = {isa = PBXFileReference; includeInIndex = 1; lastKnownFileType = text.xcconfig; name = "Pods-News.release.xcconfig"; path = "Target Support Files/Pods-News/Pods-News.release.xcconfig"; sourceTree = "<group>"; };
		F92012E36040569330FD9D42 /* Pods_NewsTests.framework */ = {isa = PBXFileReference; explicitFileType = wrapper.framework; includeInIndex = 0; path = Pods_NewsTests.framework; sourceTree = BUILT_PRODUCTS_DIR; };
/* End PBXFileReference section */

/* Begin PBXFrameworksBuildPhase section */
		0280FC23246F3067007973D9 /* Frameworks */ = {
			isa = PBXFrameworksBuildPhase;
			buildActionMask = 2147483647;
			files = (
				02AA7667246FD9BC00A06904 /* NewsKit.framework in Frameworks */,
				BCBC65572280C17BC393AD97 /* Pods_News.framework in Frameworks */,
			);
			runOnlyForDeploymentPostprocessing = 0;
		};
		0280FC39246F306A007973D9 /* Frameworks */ = {
			isa = PBXFrameworksBuildPhase;
			buildActionMask = 2147483647;
			files = (
				D61F953A7E59BB9244B7B795 /* Pods_NewsTests.framework in Frameworks */,
			);
			runOnlyForDeploymentPostprocessing = 0;
		};
		02AA764F246FD9BC00A06904 /* Frameworks */ = {
			isa = PBXFrameworksBuildPhase;
			buildActionMask = 2147483647;
			files = (
				A59D083E08366B3981EE36AF /* Pods_NewsKit.framework in Frameworks */,
			);
			runOnlyForDeploymentPostprocessing = 0;
		};
		02AA7657246FD9BC00A06904 /* Frameworks */ = {
			isa = PBXFrameworksBuildPhase;
			buildActionMask = 2147483647;
			files = (
				02AA765B246FD9BC00A06904 /* NewsKit.framework in Frameworks */,
				314B070F2299DB25C950E1DC /* Pods_NewsKitTests.framework in Frameworks */,
			);
			runOnlyForDeploymentPostprocessing = 0;
		};
/* End PBXFrameworksBuildPhase section */

/* Begin PBXGroup section */
		020BE9DD247070D900173AE5 /* NetworkServiceTests */ = {
			isa = PBXGroup;
			children = (
				020BE9DF2470711000173AE5 /* NetworkServiceTests.swift */,
			);
			path = NetworkServiceTests;
			sourceTree = "<group>";
		};
		020BE9DE247070E800173AE5 /* NewsParserTests */ = {
			isa = PBXGroup;
			children = (
				02AA768324700C4800A06904 /* NewsParserTests.swift */,
			);
			path = NewsParserTests;
			sourceTree = "<group>";
		};
		020BE9E4247083F900173AE5 /* SaveService */ = {
			isa = PBXGroup;
			children = (
				020BE9ED2470870900173AE5 /* NewsDTO.swift */,
				020BE9EA2470855C00173AE5 /* NewsObject.swift */,
				020BE9E52470842900173AE5 /* SaveServiceProtocol.swift */,
				020BE9E72470844400173AE5 /* SaveService.swift */,
			);
			path = SaveService;
			sourceTree = "<group>";
		};
		020BE9EF24709B8000173AE5 /* SaveServiceTests */ = {
			isa = PBXGroup;
			children = (
				020BE9F024709B9E00173AE5 /* SaveServiceTests.swift */,
			);
			path = SaveServiceTests;
			sourceTree = "<group>";
		};
		020BE9F2247139AF00173AE5 /* DI */ = {
			isa = PBXGroup;
			children = (
				020BE9F3247139C000173AE5 /* MockDependencyContainer.swift */,
			);
			path = DI;
			sourceTree = "<group>";
		};
		020BEA2B2471E58100173AE5 /* NewsList */ = {
			isa = PBXGroup;
			children = (
				020BEA2C2471E58100173AE5 /* Presenter */,
				020BEA302471E58100173AE5 /* View */,
				020BEA322471E58100173AE5 /* Builder */,
				020BEA342471E58100173AE5 /* Interactor */,
				020BEA382471E58100173AE5 /* Router */,
				020BEA4D2473139D00173AE5 /* Entity */,
			);
			path = NewsList;
			sourceTree = "<group>";
		};
		020BEA2C2471E58100173AE5 /* Presenter */ = {
			isa = PBXGroup;
			children = (
				020BEA5A247323E300173AE5 /* ViewModel */,
				020BEA2D2471E58100173AE5 /* NewsListPresenterDelegate.swift */,
				020BEA2E2471E58100173AE5 /* NewsListPresenter.swift */,
				020BEA2F2471E58100173AE5 /* NewsListPresenterProtocol.swift */,
			);
			path = Presenter;
			sourceTree = "<group>";
		};
		020BEA302471E58100173AE5 /* View */ = {
			isa = PBXGroup;
			children = (
				020BEA312471E58100173AE5 /* NewsListViewController.swift */,
				020BEA6F247AC5F100173AE5 /* NewsTableViewCell.swift */,
			);
			path = View;
			sourceTree = "<group>";
		};
		020BEA322471E58100173AE5 /* Builder */ = {
			isa = PBXGroup;
			children = (
				020BEA332471E58100173AE5 /* NewsListBuilder.swift */,
			);
			path = Builder;
			sourceTree = "<group>";
		};
		020BEA342471E58100173AE5 /* Interactor */ = {
			isa = PBXGroup;
			children = (
				020BEA352471E58100173AE5 /* NewsListInteractorDelegate.swift */,
				020BEA362471E58100173AE5 /* NewsListInteractor.swift */,
				020BEA372471E58100173AE5 /* NewsListInteractorProtocol.swift */,
			);
			path = Interactor;
			sourceTree = "<group>";
		};
		020BEA382471E58100173AE5 /* Router */ = {
			isa = PBXGroup;
			children = (
				020BEA392471E58100173AE5 /* NewsListRouterProtocol.swift */,
				020BEA3A2471E58100173AE5 /* NewsListRouter.swift */,
			);
			path = Router;
			sourceTree = "<group>";
		};
		020BEA47247304D200173AE5 /* SettingsService */ = {
			isa = PBXGroup;
			children = (
				020BEA4B247304F800173AE5 /* SettingsServiceProtocol.swift */,
				020BEA49247304ED00173AE5 /* SettingsService.swift */,
			);
			path = SettingsService;
			sourceTree = "<group>";
		};
		020BEA4D2473139D00173AE5 /* Entity */ = {
			isa = PBXGroup;
			children = (
				020BEA4E247313B400173AE5 /* News.swift */,
			);
			path = Entity;
			sourceTree = "<group>";
		};
		020BEA5A247323E300173AE5 /* ViewModel */ = {
			isa = PBXGroup;
			children = (
				020BEA5224731E0300173AE5 /* NewsPresenterViewModelProtocol.swift */,
				020BEA5024731B1600173AE5 /* NewsViewModel.swift */,
			);
			path = ViewModel;
			sourceTree = "<group>";
		};
		020BEA5D2473240D00173AE5 /* Factories */ = {
			isa = PBXGroup;
			children = (
				020BEA6824796B7300173AE5 /* NewsParser */,
				020BEA6724796B6A00173AE5 /* NewsViewModel */,
			);
			path = Factories;
			sourceTree = "<group>";
		};
		020BEA60247325E000173AE5 /* SettingsServiceTests */ = {
			isa = PBXGroup;
			children = (
				020BEA6324732A7F00173AE5 /* SettingsServiceTests.swift */,
			);
			path = SettingsServiceTests;
			sourceTree = "<group>";
		};
		020BEA6724796B6A00173AE5 /* NewsViewModel */ = {
			isa = PBXGroup;
			children = (
				020BEA5E2473241C00173AE5 /* NewsViewModelFactoryProtocol.swift */,
				020BEA5B2473240700173AE5 /* NewsViewModelFactory.swift */,
			);
			path = NewsViewModel;
			sourceTree = "<group>";
		};
		020BEA6824796B7300173AE5 /* NewsParser */ = {
			isa = PBXGroup;
			children = (
				020BEA6924796B8500173AE5 /* NewsParserFactoryProtocol.swift */,
				020BEA6B24796B8E00173AE5 /* NewsParserFactory.swift */,
			);
			path = NewsParser;
			sourceTree = "<group>";
		};
		020BEA71247ACE2200173AE5 /* NewsSourcesProvider */ = {
			isa = PBXGroup;
			children = (
				020BEA72247ACE3600173AE5 /* NewsSourcesProviderProtocol.swift */,
				020BEA74247ACE4100173AE5 /* NewsSourcesProvider.swift */,
				020BEA6D2479A10C00173AE5 /* NewsSource.swift */,
				020BEA79247AD0F900173AE5 /* NewsSources.swift */,
				020BEA77247ACEF600173AE5 /* NewsSources.json */,
			);
			path = NewsSourcesProvider;
			sourceTree = "<group>";
		};
		020BEA7B247AD1D000173AE5 /* NewsSourcesProviderTests */ = {
			isa = PBXGroup;
			children = (
				020BEA7C247AD1E900173AE5 /* NewsSourcesProviderTests.swift */,
			);
			path = NewsSourcesProviderTests;
			sourceTree = "<group>";
		};
		020BEA84247D9E8B00173AE5 /* Web */ = {
			isa = PBXGroup;
			children = (
				020BEA85247D9E8B00173AE5 /* Presenter */,
				020BEA89247D9E8B00173AE5 /* View */,
				020BEA8B247D9E8B00173AE5 /* Builder */,
				020BEA8D247D9E8B00173AE5 /* Interactor */,
				020BEA91247D9E8B00173AE5 /* Router */,
			);
			path = Web;
			sourceTree = "<group>";
		};
		020BEA85247D9E8B00173AE5 /* Presenter */ = {
			isa = PBXGroup;
			children = (
				020BEA86247D9E8B00173AE5 /* WebPresenter.swift */,
				020BEA87247D9E8B00173AE5 /* WebPresenterProtocol.swift */,
				020BEA88247D9E8B00173AE5 /* WebPresenterDelegate.swift */,
			);
			path = Presenter;
			sourceTree = "<group>";
		};
		020BEA89247D9E8B00173AE5 /* View */ = {
			isa = PBXGroup;
			children = (
				020BEA8A247D9E8B00173AE5 /* WebViewController.swift */,
			);
			path = View;
			sourceTree = "<group>";
		};
		020BEA8B247D9E8B00173AE5 /* Builder */ = {
			isa = PBXGroup;
			children = (
				020BEA8C247D9E8B00173AE5 /* WebBuilder.swift */,
			);
			path = Builder;
			sourceTree = "<group>";
		};
		020BEA8D247D9E8B00173AE5 /* Interactor */ = {
			isa = PBXGroup;
			children = (
				020BEA8E247D9E8B00173AE5 /* WebInteractorProtocol.swift */,
				020BEA8F247D9E8B00173AE5 /* WebInteractorDelegate.swift */,
				020BEA90247D9E8B00173AE5 /* WebInteractor.swift */,
			);
			path = Interactor;
			sourceTree = "<group>";
		};
		020BEA91247D9E8B00173AE5 /* Router */ = {
			isa = PBXGroup;
			children = (
				020BEA92247D9E8B00173AE5 /* WebRouterProtocol.swift */,
				020BEA93247D9E8B00173AE5 /* WebRouter.swift */,
			);
			path = Router;
			sourceTree = "<group>";
		};
		0280FC1D246F3067007973D9 = {
			isa = PBXGroup;
			children = (
				0280FC28246F3067007973D9 /* News */,
				02AA7653246FD9BC00A06904 /* NewsKit */,
				0280FC3F246F306A007973D9 /* NewsTests */,
				02AA7660246FD9BC00A06904 /* NewsKitTests */,
				0280FC27246F3067007973D9 /* Products */,
				A0B9F4948881FB5D1E77421F /* Pods */,
				B660E77B682DCD945CEE2F1C /* Frameworks */,
			);
			sourceTree = "<group>";
		};
		0280FC27246F3067007973D9 /* Products */ = {
			isa = PBXGroup;
			children = (
				0280FC26246F3067007973D9 /* News.app */,
				0280FC3C246F306A007973D9 /* NewsTests.xctest */,
				02AA7652246FD9BC00A06904 /* NewsKit.framework */,
				02AA765A246FD9BC00A06904 /* NewsKitTests.xctest */,
			);
			name = Products;
			sourceTree = "<group>";
		};
		0280FC28246F3067007973D9 /* News */ = {
			isa = PBXGroup;
			children = (
				0280FC29246F3067007973D9 /* AppDelegate.swift */,
				0280FC32246F306A007973D9 /* Assets.xcassets */,
				0280FC34246F306A007973D9 /* LaunchScreen.storyboard */,
				0280FC37246F306A007973D9 /* Info.plist */,
				02AA764A246F37AC00A06904 /* DI */,
				02AA76922470386400A06904 /* Screens */,
			);
			path = News;
			sourceTree = "<group>";
		};
		0280FC3F246F306A007973D9 /* NewsTests */ = {
			isa = PBXGroup;
			children = (
				0280FC40246F306A007973D9 /* NewsTests.swift */,
				0280FC42246F306A007973D9 /* Info.plist */,
			);
			path = NewsTests;
			sourceTree = "<group>";
		};
		02AA764A246F37AC00A06904 /* DI */ = {
			isa = PBXGroup;
			children = (
				020BEA5D2473240D00173AE5 /* Factories */,
				02AA764B246F37C600A06904 /* DependencyContainer.swift */,
				020BEA452472FC9B00173AE5 /* TabBarDependencyContainer.swift */,
				020BEA612473263D00173AE5 /* NewsListDependencyContainer.swift */,
			);
			path = DI;
			sourceTree = "<group>";
		};
		02AA7653246FD9BC00A06904 /* NewsKit */ = {
			isa = PBXGroup;
			children = (
				020BEA71247ACE2200173AE5 /* NewsSourcesProvider */,
				020BEA47247304D200173AE5 /* SettingsService */,
				02AA7670246FD9CD00A06904 /* Network */,
				020BE9E4247083F900173AE5 /* SaveService */,
				02AA7654246FD9BC00A06904 /* NewsKit.h */,
				02AA7655246FD9BC00A06904 /* Info.plist */,
			);
			path = NewsKit;
			sourceTree = "<group>";
		};
		02AA7660246FD9BC00A06904 /* NewsKitTests */ = {
			isa = PBXGroup;
			children = (
				020BE9F2247139AF00173AE5 /* DI */,
				02AA76AF24703BBE00A06904 /* MockData */,
				020BEA7B247AD1D000173AE5 /* NewsSourcesProviderTests */,
				020BE9DD247070D900173AE5 /* NetworkServiceTests */,
				020BE9DE247070E800173AE5 /* NewsParserTests */,
				020BE9EF24709B8000173AE5 /* SaveServiceTests */,
				020BEA60247325E000173AE5 /* SettingsServiceTests */,
				02AA7663246FD9BC00A06904 /* Info.plist */,
			);
			path = NewsKitTests;
			sourceTree = "<group>";
		};
		02AA7670246FD9CD00A06904 /* Network */ = {
			isa = PBXGroup;
			children = (
				02AA767A246FE35800A06904 /* Parsers */,
				02AA7679246FE34800A06904 /* Service */,
				02AA7674246FDF1A00A06904 /* APIModels */,
			);
			path = Network;
			sourceTree = "<group>";
		};
		02AA7674246FDF1A00A06904 /* APIModels */ = {
			isa = PBXGroup;
			children = (
				02AA7675246FDF2800A06904 /* NewsAPIModel.swift */,
			);
			path = APIModels;
			sourceTree = "<group>";
		};
		02AA7679246FE34800A06904 /* Service */ = {
			isa = PBXGroup;
			children = (
				02AA7671246FDE5000A06904 /* NetworkServiceProtocol.swift */,
				02AA76B02470609F00A06904 /* NetworkService.swift */,
			);
			path = Service;
			sourceTree = "<group>";
		};
		02AA767A246FE35800A06904 /* Parsers */ = {
			isa = PBXGroup;
			children = (
				02AA767B246FE3C100A06904 /* NewsParserProtocol.swift */,
				02AA767D246FE47600A06904 /* NewsParser.swift */,
			);
			path = Parsers;
			sourceTree = "<group>";
		};
		02AA76922470386400A06904 /* Screens */ = {
			isa = PBXGroup;
			children = (
				02AA76932470386400A06904 /* TabBar */,
				020BEA2B2471E58100173AE5 /* NewsList */,
				020BEA84247D9E8B00173AE5 /* Web */,
			);
			path = Screens;
			sourceTree = "<group>";
		};
		02AA76932470386400A06904 /* TabBar */ = {
			isa = PBXGroup;
			children = (
				02AA76942470386400A06904 /* Presenter */,
				02AA76982470386400A06904 /* View */,
				02AA769A2470386400A06904 /* Builder */,
				02AA769C2470386400A06904 /* Interactor */,
				02AA76A02470386400A06904 /* Router */,
			);
			path = TabBar;
			sourceTree = "<group>";
		};
		02AA76942470386400A06904 /* Presenter */ = {
			isa = PBXGroup;
			children = (
				02AA76952470386400A06904 /* TabBarPresenterProtocol.swift */,
				02AA76962470386400A06904 /* TabBarPresenter.swift */,
				02AA76972470386400A06904 /* TabBarPresenterDelegate.swift */,
			);
			path = Presenter;
			sourceTree = "<group>";
		};
		02AA76982470386400A06904 /* View */ = {
			isa = PBXGroup;
			children = (
				02AA76992470386400A06904 /* TabBarViewController.swift */,
			);
			path = View;
			sourceTree = "<group>";
		};
		02AA769A2470386400A06904 /* Builder */ = {
			isa = PBXGroup;
			children = (
				02AA769B2470386400A06904 /* TabBarBuilder.swift */,
			);
			path = Builder;
			sourceTree = "<group>";
		};
		02AA769C2470386400A06904 /* Interactor */ = {
			isa = PBXGroup;
			children = (
				02AA769D2470386400A06904 /* TabBarInteractorProtocol.swift */,
				02AA769E2470386400A06904 /* TabBarInteractorDelegate.swift */,
				02AA769F2470386400A06904 /* TabBarInteractor.swift */,
			);
			path = Interactor;
			sourceTree = "<group>";
		};
		02AA76A02470386400A06904 /* Router */ = {
			isa = PBXGroup;
			children = (
				02AA76A12470386400A06904 /* TabBarRouterProtocol.swift */,
				02AA76A22470386400A06904 /* TabBarRouter.swift */,
			);
			path = Router;
			sourceTree = "<group>";
		};
		02AA76AF24703BBE00A06904 /* MockData */ = {
			isa = PBXGroup;
			children = (
				02AA76AD24703B1B00A06904 /* MockRSS.xml */,
			);
			path = MockData;
			sourceTree = "<group>";
		};
		A0B9F4948881FB5D1E77421F /* Pods */ = {
			isa = PBXGroup;
			children = (
				90F7C86F163DA1F92403A6C5 /* Pods-News.debug.xcconfig */,
				B04A2B86DFCBBD4018CE4B45 /* Pods-News.release.xcconfig */,
				4A7417AC4D32B9DE16A430EC /* Pods-NewsTests.debug.xcconfig */,
				0393E48330142722ACB9C41A /* Pods-NewsTests.release.xcconfig */,
				A4BDAA224F5B5EF11D91F458 /* Pods-NewsKit.debug.xcconfig */,
				A3F84F361648C29CA6486514 /* Pods-NewsKit.release.xcconfig */,
				4BEA8C2800382E10C5650A91 /* Pods-NewsKitTests.debug.xcconfig */,
				346B94A898B3DEEAB84A0640 /* Pods-NewsKitTests.release.xcconfig */,
			);
			path = Pods;
			sourceTree = "<group>";
		};
		B660E77B682DCD945CEE2F1C /* Frameworks */ = {
			isa = PBXGroup;
			children = (
				98A3B36DDFA97D589B480116 /* Pods_News.framework */,
				F92012E36040569330FD9D42 /* Pods_NewsTests.framework */,
				52861C6D41906E0294C458F7 /* Pods_NewsKit.framework */,
				0A03CCEC1E763A6778512ADB /* Pods_NewsKitTests.framework */,
			);
			name = Frameworks;
			sourceTree = "<group>";
		};
/* End PBXGroup section */

/* Begin PBXHeadersBuildPhase section */
		02AA764D246FD9BC00A06904 /* Headers */ = {
			isa = PBXHeadersBuildPhase;
			buildActionMask = 2147483647;
			files = (
				02AA7664246FD9BC00A06904 /* NewsKit.h in Headers */,
			);
			runOnlyForDeploymentPostprocessing = 0;
		};
/* End PBXHeadersBuildPhase section */

/* Begin PBXNativeTarget section */
		0280FC25246F3067007973D9 /* News */ = {
			isa = PBXNativeTarget;
			buildConfigurationList = 0280FC45246F306A007973D9 /* Build configuration list for PBXNativeTarget "News" */;
			buildPhases = (
				63A24795EF766554DFD06085 /* [CP] Check Pods Manifest.lock */,
				0280FC22246F3067007973D9 /* Sources */,
				0280FC23246F3067007973D9 /* Frameworks */,
				0280FC24246F3067007973D9 /* Resources */,
				59960EDA20FD919A03B365F3 /* [CP] Embed Pods Frameworks */,
				02AA7669246FD9BC00A06904 /* Embed Frameworks */,
			);
			buildRules = (
			);
			dependencies = (
				02AA7666246FD9BC00A06904 /* PBXTargetDependency */,
			);
			name = News;
			productName = News;
			productReference = 0280FC26246F3067007973D9 /* News.app */;
			productType = "com.apple.product-type.application";
		};
		0280FC3B246F306A007973D9 /* NewsTests */ = {
			isa = PBXNativeTarget;
			buildConfigurationList = 0280FC48246F306A007973D9 /* Build configuration list for PBXNativeTarget "NewsTests" */;
			buildPhases = (
				D668263BED7BE526A5F7236D /* [CP] Check Pods Manifest.lock */,
				0280FC38246F306A007973D9 /* Sources */,
				0280FC39246F306A007973D9 /* Frameworks */,
				0280FC3A246F306A007973D9 /* Resources */,
			);
			buildRules = (
			);
			dependencies = (
				0280FC3E246F306A007973D9 /* PBXTargetDependency */,
			);
			name = NewsTests;
			productName = NewsTests;
			productReference = 0280FC3C246F306A007973D9 /* NewsTests.xctest */;
			productType = "com.apple.product-type.bundle.unit-test";
		};
		02AA7651246FD9BC00A06904 /* NewsKit */ = {
			isa = PBXNativeTarget;
			buildConfigurationList = 02AA766E246FD9BC00A06904 /* Build configuration list for PBXNativeTarget "NewsKit" */;
			buildPhases = (
				772768E458DCBCB0028697FB /* [CP] Check Pods Manifest.lock */,
				02AA764D246FD9BC00A06904 /* Headers */,
				02AA764E246FD9BC00A06904 /* Sources */,
				02AA764F246FD9BC00A06904 /* Frameworks */,
				02AA7650246FD9BC00A06904 /* Resources */,
			);
			buildRules = (
			);
			dependencies = (
			);
			name = NewsKit;
			productName = NewsKit;
			productReference = 02AA7652246FD9BC00A06904 /* NewsKit.framework */;
			productType = "com.apple.product-type.framework";
		};
		02AA7659246FD9BC00A06904 /* NewsKitTests */ = {
			isa = PBXNativeTarget;
			buildConfigurationList = 02AA766F246FD9BC00A06904 /* Build configuration list for PBXNativeTarget "NewsKitTests" */;
			buildPhases = (
				C4653421B24AAFB43218584A /* [CP] Check Pods Manifest.lock */,
				02AA7656246FD9BC00A06904 /* Sources */,
				02AA7657246FD9BC00A06904 /* Frameworks */,
				02AA7658246FD9BC00A06904 /* Resources */,
			);
			buildRules = (
			);
			dependencies = (
				02AA765D246FD9BC00A06904 /* PBXTargetDependency */,
				02AA765F246FD9BC00A06904 /* PBXTargetDependency */,
			);
			name = NewsKitTests;
			productName = NewsKitTests;
			productReference = 02AA765A246FD9BC00A06904 /* NewsKitTests.xctest */;
			productType = "com.apple.product-type.bundle.unit-test";
		};
/* End PBXNativeTarget section */

/* Begin PBXProject section */
		0280FC1E246F3067007973D9 /* Project object */ = {
			isa = PBXProject;
			attributes = {
				LastSwiftUpdateCheck = 1130;
				LastUpgradeCheck = 1130;
				ORGANIZATIONNAME = "Nikita Teplyakov";
				TargetAttributes = {
					0280FC25246F3067007973D9 = {
						CreatedOnToolsVersion = 11.3.1;
					};
					0280FC3B246F306A007973D9 = {
						CreatedOnToolsVersion = 11.3.1;
						TestTargetID = 0280FC25246F3067007973D9;
					};
					02AA7651246FD9BC00A06904 = {
						CreatedOnToolsVersion = 11.3.1;
						LastSwiftMigration = 1130;
					};
					02AA7659246FD9BC00A06904 = {
						CreatedOnToolsVersion = 11.3.1;
						LastSwiftMigration = 1130;
						TestTargetID = 0280FC25246F3067007973D9;
					};
				};
			};
			buildConfigurationList = 0280FC21246F3067007973D9 /* Build configuration list for PBXProject "News" */;
			compatibilityVersion = "Xcode 9.3";
			developmentRegion = en;
			hasScannedForEncodings = 0;
			knownRegions = (
				en,
				Base,
			);
			mainGroup = 0280FC1D246F3067007973D9;
			productRefGroup = 0280FC27246F3067007973D9 /* Products */;
			projectDirPath = "";
			projectRoot = "";
			targets = (
				0280FC25246F3067007973D9 /* News */,
				0280FC3B246F306A007973D9 /* NewsTests */,
				02AA7651246FD9BC00A06904 /* NewsKit */,
				02AA7659246FD9BC00A06904 /* NewsKitTests */,
			);
		};
/* End PBXProject section */

/* Begin PBXResourcesBuildPhase section */
		0280FC24246F3067007973D9 /* Resources */ = {
			isa = PBXResourcesBuildPhase;
			buildActionMask = 2147483647;
			files = (
				0280FC36246F306A007973D9 /* LaunchScreen.storyboard in Resources */,
				0280FC33246F306A007973D9 /* Assets.xcassets in Resources */,
			);
			runOnlyForDeploymentPostprocessing = 0;
		};
		0280FC3A246F306A007973D9 /* Resources */ = {
			isa = PBXResourcesBuildPhase;
			buildActionMask = 2147483647;
			files = (
			);
			runOnlyForDeploymentPostprocessing = 0;
		};
		02AA7650246FD9BC00A06904 /* Resources */ = {
			isa = PBXResourcesBuildPhase;
			buildActionMask = 2147483647;
			files = (
				020BEA78247ACEF600173AE5 /* NewsSources.json in Resources */,
			);
			runOnlyForDeploymentPostprocessing = 0;
		};
		02AA7658246FD9BC00A06904 /* Resources */ = {
			isa = PBXResourcesBuildPhase;
			buildActionMask = 2147483647;
			files = (
				02AA76AE24703B7600A06904 /* MockRSS.xml in Resources */,
			);
			runOnlyForDeploymentPostprocessing = 0;
		};
/* End PBXResourcesBuildPhase section */

/* Begin PBXShellScriptBuildPhase section */
		59960EDA20FD919A03B365F3 /* [CP] Embed Pods Frameworks */ = {
			isa = PBXShellScriptBuildPhase;
			buildActionMask = 2147483647;
			files = (
			);
			inputFileListPaths = (
				"${PODS_ROOT}/Target Support Files/Pods-News/Pods-News-frameworks-${CONFIGURATION}-input-files.xcfilelist",
			);
			name = "[CP] Embed Pods Frameworks";
			outputFileListPaths = (
				"${PODS_ROOT}/Target Support Files/Pods-News/Pods-News-frameworks-${CONFIGURATION}-output-files.xcfilelist",
			);
			runOnlyForDeploymentPostprocessing = 0;
			shellPath = /bin/sh;
			shellScript = "\"${PODS_ROOT}/Target Support Files/Pods-News/Pods-News-frameworks.sh\"\n";
			showEnvVarsInLog = 0;
		};
		63A24795EF766554DFD06085 /* [CP] Check Pods Manifest.lock */ = {
			isa = PBXShellScriptBuildPhase;
			buildActionMask = 2147483647;
			files = (
			);
			inputFileListPaths = (
			);
			inputPaths = (
				"${PODS_PODFILE_DIR_PATH}/Podfile.lock",
				"${PODS_ROOT}/Manifest.lock",
			);
			name = "[CP] Check Pods Manifest.lock";
			outputFileListPaths = (
			);
			outputPaths = (
				"$(DERIVED_FILE_DIR)/Pods-News-checkManifestLockResult.txt",
			);
			runOnlyForDeploymentPostprocessing = 0;
			shellPath = /bin/sh;
			shellScript = "diff \"${PODS_PODFILE_DIR_PATH}/Podfile.lock\" \"${PODS_ROOT}/Manifest.lock\" > /dev/null\nif [ $? != 0 ] ; then\n    # print error to STDERR\n    echo \"error: The sandbox is not in sync with the Podfile.lock. Run 'pod install' or update your CocoaPods installation.\" >&2\n    exit 1\nfi\n# This output is used by Xcode 'outputs' to avoid re-running this script phase.\necho \"SUCCESS\" > \"${SCRIPT_OUTPUT_FILE_0}\"\n";
			showEnvVarsInLog = 0;
		};
		772768E458DCBCB0028697FB /* [CP] Check Pods Manifest.lock */ = {
			isa = PBXShellScriptBuildPhase;
			buildActionMask = 2147483647;
			files = (
			);
			inputFileListPaths = (
			);
			inputPaths = (
				"${PODS_PODFILE_DIR_PATH}/Podfile.lock",
				"${PODS_ROOT}/Manifest.lock",
			);
			name = "[CP] Check Pods Manifest.lock";
			outputFileListPaths = (
			);
			outputPaths = (
				"$(DERIVED_FILE_DIR)/Pods-NewsKit-checkManifestLockResult.txt",
			);
			runOnlyForDeploymentPostprocessing = 0;
			shellPath = /bin/sh;
			shellScript = "diff \"${PODS_PODFILE_DIR_PATH}/Podfile.lock\" \"${PODS_ROOT}/Manifest.lock\" > /dev/null\nif [ $? != 0 ] ; then\n    # print error to STDERR\n    echo \"error: The sandbox is not in sync with the Podfile.lock. Run 'pod install' or update your CocoaPods installation.\" >&2\n    exit 1\nfi\n# This output is used by Xcode 'outputs' to avoid re-running this script phase.\necho \"SUCCESS\" > \"${SCRIPT_OUTPUT_FILE_0}\"\n";
			showEnvVarsInLog = 0;
		};
		C4653421B24AAFB43218584A /* [CP] Check Pods Manifest.lock */ = {
			isa = PBXShellScriptBuildPhase;
			buildActionMask = 2147483647;
			files = (
			);
			inputFileListPaths = (
			);
			inputPaths = (
				"${PODS_PODFILE_DIR_PATH}/Podfile.lock",
				"${PODS_ROOT}/Manifest.lock",
			);
			name = "[CP] Check Pods Manifest.lock";
			outputFileListPaths = (
			);
			outputPaths = (
				"$(DERIVED_FILE_DIR)/Pods-NewsKitTests-checkManifestLockResult.txt",
			);
			runOnlyForDeploymentPostprocessing = 0;
			shellPath = /bin/sh;
			shellScript = "diff \"${PODS_PODFILE_DIR_PATH}/Podfile.lock\" \"${PODS_ROOT}/Manifest.lock\" > /dev/null\nif [ $? != 0 ] ; then\n    # print error to STDERR\n    echo \"error: The sandbox is not in sync with the Podfile.lock. Run 'pod install' or update your CocoaPods installation.\" >&2\n    exit 1\nfi\n# This output is used by Xcode 'outputs' to avoid re-running this script phase.\necho \"SUCCESS\" > \"${SCRIPT_OUTPUT_FILE_0}\"\n";
			showEnvVarsInLog = 0;
		};
		D668263BED7BE526A5F7236D /* [CP] Check Pods Manifest.lock */ = {
			isa = PBXShellScriptBuildPhase;
			buildActionMask = 2147483647;
			files = (
			);
			inputFileListPaths = (
			);
			inputPaths = (
				"${PODS_PODFILE_DIR_PATH}/Podfile.lock",
				"${PODS_ROOT}/Manifest.lock",
			);
			name = "[CP] Check Pods Manifest.lock";
			outputFileListPaths = (
			);
			outputPaths = (
				"$(DERIVED_FILE_DIR)/Pods-NewsTests-checkManifestLockResult.txt",
			);
			runOnlyForDeploymentPostprocessing = 0;
			shellPath = /bin/sh;
			shellScript = "diff \"${PODS_PODFILE_DIR_PATH}/Podfile.lock\" \"${PODS_ROOT}/Manifest.lock\" > /dev/null\nif [ $? != 0 ] ; then\n    # print error to STDERR\n    echo \"error: The sandbox is not in sync with the Podfile.lock. Run 'pod install' or update your CocoaPods installation.\" >&2\n    exit 1\nfi\n# This output is used by Xcode 'outputs' to avoid re-running this script phase.\necho \"SUCCESS\" > \"${SCRIPT_OUTPUT_FILE_0}\"\n";
			showEnvVarsInLog = 0;
		};
/* End PBXShellScriptBuildPhase section */

/* Begin PBXSourcesBuildPhase section */
		0280FC22246F3067007973D9 /* Sources */ = {
			isa = PBXSourcesBuildPhase;
			buildActionMask = 2147483647;
			files = (
				020BEA3D2471E58100173AE5 /* NewsListPresenterProtocol.swift in Sources */,
				02AA76AB2470386400A06904 /* TabBarRouterProtocol.swift in Sources */,
				020BEA432471E58100173AE5 /* NewsListRouterProtocol.swift in Sources */,
				020BEA3C2471E58100173AE5 /* NewsListPresenter.swift in Sources */,
				02AA76A42470386400A06904 /* TabBarPresenter.swift in Sources */,
				020BEA3B2471E58100173AE5 /* NewsListPresenterDelegate.swift in Sources */,
				020BEA622473263D00173AE5 /* NewsListDependencyContainer.swift in Sources */,
				020BEA9B247D9E8C00173AE5 /* WebInteractor.swift in Sources */,
				020BEA412471E58100173AE5 /* NewsListInteractor.swift in Sources */,
				020BEA6A24796B8500173AE5 /* NewsParserFactoryProtocol.swift in Sources */,
				020BEA5C2473240700173AE5 /* NewsViewModelFactory.swift in Sources */,
				020BEA422471E58100173AE5 /* NewsListInteractorProtocol.swift in Sources */,
				020BEA95247D9E8C00173AE5 /* WebPresenterProtocol.swift in Sources */,
				020BEA96247D9E8C00173AE5 /* WebPresenterDelegate.swift in Sources */,
				02AA76A92470386400A06904 /* TabBarInteractorDelegate.swift in Sources */,
				02AA76A32470386400A06904 /* TabBarPresenterProtocol.swift in Sources */,
				02AA76A82470386400A06904 /* TabBarInteractorProtocol.swift in Sources */,
				020BEA402471E58100173AE5 /* NewsListInteractorDelegate.swift in Sources */,
				020BEA5124731B1600173AE5 /* NewsViewModel.swift in Sources */,
				020BEA6C24796B8E00173AE5 /* NewsParserFactory.swift in Sources */,
				020BEA97247D9E8C00173AE5 /* WebViewController.swift in Sources */,
				0280FC2A246F3067007973D9 /* AppDelegate.swift in Sources */,
				020BEA462472FC9B00173AE5 /* TabBarDependencyContainer.swift in Sources */,
				02AA76AC2470386400A06904 /* TabBarRouter.swift in Sources */,
				02AA764C246F37C600A06904 /* DependencyContainer.swift in Sources */,
				020BEA9A247D9E8C00173AE5 /* WebInteractorDelegate.swift in Sources */,
				020BEA94247D9E8C00173AE5 /* WebPresenter.swift in Sources */,
				02AA76AA2470386400A06904 /* TabBarInteractor.swift in Sources */,
				020BEA98247D9E8C00173AE5 /* WebBuilder.swift in Sources */,
				020BEA3F2471E58100173AE5 /* NewsListBuilder.swift in Sources */,
				020BEA70247AC5F100173AE5 /* NewsTableViewCell.swift in Sources */,
				020BEA9D247D9E8C00173AE5 /* WebRouter.swift in Sources */,
				020BEA4F247313B400173AE5 /* News.swift in Sources */,
				02AA76A62470386400A06904 /* TabBarViewController.swift in Sources */,
				020BEA9C247D9E8C00173AE5 /* WebRouterProtocol.swift in Sources */,
				02AA76A52470386400A06904 /* TabBarPresenterDelegate.swift in Sources */,
				020BEA442471E58100173AE5 /* NewsListRouter.swift in Sources */,
				020BEA5F2473241C00173AE5 /* NewsViewModelFactoryProtocol.swift in Sources */,
				020BEA5324731E0300173AE5 /* NewsPresenterViewModelProtocol.swift in Sources */,
				020BEA99247D9E8C00173AE5 /* WebInteractorProtocol.swift in Sources */,
				02AA76A72470386400A06904 /* TabBarBuilder.swift in Sources */,
				020BEA3E2471E58100173AE5 /* NewsListViewController.swift in Sources */,
			);
			runOnlyForDeploymentPostprocessing = 0;
		};
		0280FC38246F306A007973D9 /* Sources */ = {
			isa = PBXSourcesBuildPhase;
			buildActionMask = 2147483647;
			files = (
				0280FC41246F306A007973D9 /* NewsTests.swift in Sources */,
			);
			runOnlyForDeploymentPostprocessing = 0;
		};
		02AA764E246FD9BC00A06904 /* Sources */ = {
			isa = PBXSourcesBuildPhase;
			buildActionMask = 2147483647;
			files = (
				020BEA4A247304ED00173AE5 /* SettingsService.swift in Sources */,
				020BEA7A247AD0F900173AE5 /* NewsSources.swift in Sources */,
				020BE9E62470842900173AE5 /* SaveServiceProtocol.swift in Sources */,
				020BE9E82470844400173AE5 /* SaveService.swift in Sources */,
				02AA76B12470609F00A06904 /* NetworkService.swift in Sources */,
				020BEA75247ACE4100173AE5 /* NewsSourcesProvider.swift in Sources */,
				02AA7672246FDE5000A06904 /* NetworkServiceProtocol.swift in Sources */,
				02AA767E246FE47600A06904 /* NewsParser.swift in Sources */,
				020BEA73247ACE3600173AE5 /* NewsSourcesProviderProtocol.swift in Sources */,
				02AA767C246FE3C100A06904 /* NewsParserProtocol.swift in Sources */,
				020BEA76247ACEA300173AE5 /* NewsSource.swift in Sources */,
				02AA7676246FDF2800A06904 /* NewsAPIModel.swift in Sources */,
				020BE9EE2470870900173AE5 /* NewsDTO.swift in Sources */,
				020BE9EB2470855C00173AE5 /* NewsObject.swift in Sources */,
				020BEA4C247304F800173AE5 /* SettingsServiceProtocol.swift in Sources */,
			);
			runOnlyForDeploymentPostprocessing = 0;
		};
		02AA7656246FD9BC00A06904 /* Sources */ = {
			isa = PBXSourcesBuildPhase;
			buildActionMask = 2147483647;
			files = (
				020BEA7D247AD1E900173AE5 /* NewsSourcesProviderTests.swift in Sources */,
				020BE9F4247139C000173AE5 /* MockDependencyContainer.swift in Sources */,
				020BEA6424732A7F00173AE5 /* SettingsServiceTests.swift in Sources */,
				020BE9F124709B9E00173AE5 /* SaveServiceTests.swift in Sources */,
				020BE9E02470711000173AE5 /* NetworkServiceTests.swift in Sources */,
				02AA768424700C4800A06904 /* NewsParserTests.swift in Sources */,
			);
			runOnlyForDeploymentPostprocessing = 0;
		};
/* End PBXSourcesBuildPhase section */

/* Begin PBXTargetDependency section */
		0280FC3E246F306A007973D9 /* PBXTargetDependency */ = {
			isa = PBXTargetDependency;
			target = 0280FC25246F3067007973D9 /* News */;
			targetProxy = 0280FC3D246F306A007973D9 /* PBXContainerItemProxy */;
		};
		02AA765D246FD9BC00A06904 /* PBXTargetDependency */ = {
			isa = PBXTargetDependency;
			target = 02AA7651246FD9BC00A06904 /* NewsKit */;
			targetProxy = 02AA765C246FD9BC00A06904 /* PBXContainerItemProxy */;
		};
		02AA765F246FD9BC00A06904 /* PBXTargetDependency */ = {
			isa = PBXTargetDependency;
			target = 0280FC25246F3067007973D9 /* News */;
			targetProxy = 02AA765E246FD9BC00A06904 /* PBXContainerItemProxy */;
		};
		02AA7666246FD9BC00A06904 /* PBXTargetDependency */ = {
			isa = PBXTargetDependency;
			target = 02AA7651246FD9BC00A06904 /* NewsKit */;
			targetProxy = 02AA7665246FD9BC00A06904 /* PBXContainerItemProxy */;
		};
/* End PBXTargetDependency section */

/* Begin PBXVariantGroup section */
		0280FC34246F306A007973D9 /* LaunchScreen.storyboard */ = {
			isa = PBXVariantGroup;
			children = (
				0280FC35246F306A007973D9 /* Base */,
			);
			name = LaunchScreen.storyboard;
			sourceTree = "<group>";
		};
/* End PBXVariantGroup section */

/* Begin XCBuildConfiguration section */
		0280FC43246F306A007973D9 /* Debug */ = {
			isa = XCBuildConfiguration;
			buildSettings = {
				ALWAYS_SEARCH_USER_PATHS = NO;
				CLANG_ANALYZER_NONNULL = YES;
				CLANG_ANALYZER_NUMBER_OBJECT_CONVERSION = YES_AGGRESSIVE;
				CLANG_CXX_LANGUAGE_STANDARD = "gnu++14";
				CLANG_CXX_LIBRARY = "libc++";
				CLANG_ENABLE_MODULES = YES;
				CLANG_ENABLE_OBJC_ARC = YES;
				CLANG_ENABLE_OBJC_WEAK = YES;
				CLANG_WARN_BLOCK_CAPTURE_AUTORELEASING = YES;
				CLANG_WARN_BOOL_CONVERSION = YES;
				CLANG_WARN_COMMA = YES;
				CLANG_WARN_CONSTANT_CONVERSION = YES;
				CLANG_WARN_DEPRECATED_OBJC_IMPLEMENTATIONS = YES;
				CLANG_WARN_DIRECT_OBJC_ISA_USAGE = YES_ERROR;
				CLANG_WARN_DOCUMENTATION_COMMENTS = YES;
				CLANG_WARN_EMPTY_BODY = YES;
				CLANG_WARN_ENUM_CONVERSION = YES;
				CLANG_WARN_INFINITE_RECURSION = YES;
				CLANG_WARN_INT_CONVERSION = YES;
				CLANG_WARN_NON_LITERAL_NULL_CONVERSION = YES;
				CLANG_WARN_OBJC_IMPLICIT_RETAIN_SELF = YES;
				CLANG_WARN_OBJC_LITERAL_CONVERSION = YES;
				CLANG_WARN_OBJC_ROOT_CLASS = YES_ERROR;
				CLANG_WARN_RANGE_LOOP_ANALYSIS = YES;
				CLANG_WARN_STRICT_PROTOTYPES = YES;
				CLANG_WARN_SUSPICIOUS_MOVE = YES;
				CLANG_WARN_UNGUARDED_AVAILABILITY = YES_AGGRESSIVE;
				CLANG_WARN_UNREACHABLE_CODE = YES;
				CLANG_WARN__DUPLICATE_METHOD_MATCH = YES;
				COPY_PHASE_STRIP = NO;
				DEBUG_INFORMATION_FORMAT = dwarf;
				ENABLE_STRICT_OBJC_MSGSEND = YES;
				ENABLE_TESTABILITY = YES;
				GCC_C_LANGUAGE_STANDARD = gnu11;
				GCC_DYNAMIC_NO_PIC = NO;
				GCC_NO_COMMON_BLOCKS = YES;
				GCC_OPTIMIZATION_LEVEL = 0;
				GCC_PREPROCESSOR_DEFINITIONS = (
					"DEBUG=1",
					"$(inherited)",
				);
				GCC_WARN_64_TO_32_BIT_CONVERSION = YES;
				GCC_WARN_ABOUT_RETURN_TYPE = YES_ERROR;
				GCC_WARN_UNDECLARED_SELECTOR = YES;
				GCC_WARN_UNINITIALIZED_AUTOS = YES_AGGRESSIVE;
				GCC_WARN_UNUSED_FUNCTION = YES;
				GCC_WARN_UNUSED_VARIABLE = YES;
				IPHONEOS_DEPLOYMENT_TARGET = 13.2;
				MTL_ENABLE_DEBUG_INFO = INCLUDE_SOURCE;
				MTL_FAST_MATH = YES;
				ONLY_ACTIVE_ARCH = YES;
				SDKROOT = iphoneos;
				SWIFT_ACTIVE_COMPILATION_CONDITIONS = DEBUG;
				SWIFT_OPTIMIZATION_LEVEL = "-Onone";
			};
			name = Debug;
		};
		0280FC44246F306A007973D9 /* Release */ = {
			isa = XCBuildConfiguration;
			buildSettings = {
				ALWAYS_SEARCH_USER_PATHS = NO;
				CLANG_ANALYZER_NONNULL = YES;
				CLANG_ANALYZER_NUMBER_OBJECT_CONVERSION = YES_AGGRESSIVE;
				CLANG_CXX_LANGUAGE_STANDARD = "gnu++14";
				CLANG_CXX_LIBRARY = "libc++";
				CLANG_ENABLE_MODULES = YES;
				CLANG_ENABLE_OBJC_ARC = YES;
				CLANG_ENABLE_OBJC_WEAK = YES;
				CLANG_WARN_BLOCK_CAPTURE_AUTORELEASING = YES;
				CLANG_WARN_BOOL_CONVERSION = YES;
				CLANG_WARN_COMMA = YES;
				CLANG_WARN_CONSTANT_CONVERSION = YES;
				CLANG_WARN_DEPRECATED_OBJC_IMPLEMENTATIONS = YES;
				CLANG_WARN_DIRECT_OBJC_ISA_USAGE = YES_ERROR;
				CLANG_WARN_DOCUMENTATION_COMMENTS = YES;
				CLANG_WARN_EMPTY_BODY = YES;
				CLANG_WARN_ENUM_CONVERSION = YES;
				CLANG_WARN_INFINITE_RECURSION = YES;
				CLANG_WARN_INT_CONVERSION = YES;
				CLANG_WARN_NON_LITERAL_NULL_CONVERSION = YES;
				CLANG_WARN_OBJC_IMPLICIT_RETAIN_SELF = YES;
				CLANG_WARN_OBJC_LITERAL_CONVERSION = YES;
				CLANG_WARN_OBJC_ROOT_CLASS = YES_ERROR;
				CLANG_WARN_RANGE_LOOP_ANALYSIS = YES;
				CLANG_WARN_STRICT_PROTOTYPES = YES;
				CLANG_WARN_SUSPICIOUS_MOVE = YES;
				CLANG_WARN_UNGUARDED_AVAILABILITY = YES_AGGRESSIVE;
				CLANG_WARN_UNREACHABLE_CODE = YES;
				CLANG_WARN__DUPLICATE_METHOD_MATCH = YES;
				COPY_PHASE_STRIP = NO;
				DEBUG_INFORMATION_FORMAT = "dwarf-with-dsym";
				ENABLE_NS_ASSERTIONS = NO;
				ENABLE_STRICT_OBJC_MSGSEND = YES;
				GCC_C_LANGUAGE_STANDARD = gnu11;
				GCC_NO_COMMON_BLOCKS = YES;
				GCC_WARN_64_TO_32_BIT_CONVERSION = YES;
				GCC_WARN_ABOUT_RETURN_TYPE = YES_ERROR;
				GCC_WARN_UNDECLARED_SELECTOR = YES;
				GCC_WARN_UNINITIALIZED_AUTOS = YES_AGGRESSIVE;
				GCC_WARN_UNUSED_FUNCTION = YES;
				GCC_WARN_UNUSED_VARIABLE = YES;
				IPHONEOS_DEPLOYMENT_TARGET = 13.2;
				MTL_ENABLE_DEBUG_INFO = NO;
				MTL_FAST_MATH = YES;
				SDKROOT = iphoneos;
				SWIFT_COMPILATION_MODE = wholemodule;
				SWIFT_OPTIMIZATION_LEVEL = "-O";
				VALIDATE_PRODUCT = YES;
			};
			name = Release;
		};
		0280FC46246F306A007973D9 /* Debug */ = {
			isa = XCBuildConfiguration;
			baseConfigurationReference = 90F7C86F163DA1F92403A6C5 /* Pods-News.debug.xcconfig */;
			buildSettings = {
				ALWAYS_EMBED_SWIFT_STANDARD_LIBRARIES = YES;
				ASSETCATALOG_COMPILER_APPICON_NAME = AppIcon;
				CODE_SIGN_STYLE = Automatic;
				INFOPLIST_FILE = News/Info.plist;
				LD_RUNPATH_SEARCH_PATHS = (
					"$(inherited)",
					"@executable_path/Frameworks",
				);
				PRODUCT_BUNDLE_IDENTIFIER = com.News.News;
				PRODUCT_NAME = "$(TARGET_NAME)";
				SWIFT_VERSION = 5.0;
				TARGETED_DEVICE_FAMILY = 1;
			};
			name = Debug;
		};
		0280FC47246F306A007973D9 /* Release */ = {
			isa = XCBuildConfiguration;
			baseConfigurationReference = B04A2B86DFCBBD4018CE4B45 /* Pods-News.release.xcconfig */;
			buildSettings = {
				ALWAYS_EMBED_SWIFT_STANDARD_LIBRARIES = YES;
				ASSETCATALOG_COMPILER_APPICON_NAME = AppIcon;
				CODE_SIGN_STYLE = Automatic;
				INFOPLIST_FILE = News/Info.plist;
				LD_RUNPATH_SEARCH_PATHS = (
					"$(inherited)",
					"@executable_path/Frameworks",
				);
				PRODUCT_BUNDLE_IDENTIFIER = com.News.News;
				PRODUCT_NAME = "$(TARGET_NAME)";
				SWIFT_VERSION = 5.0;
				TARGETED_DEVICE_FAMILY = 1;
			};
			name = Release;
		};
		0280FC49246F306A007973D9 /* Debug */ = {
			isa = XCBuildConfiguration;
			baseConfigurationReference = 4A7417AC4D32B9DE16A430EC /* Pods-NewsTests.debug.xcconfig */;
			buildSettings = {
				ALWAYS_EMBED_SWIFT_STANDARD_LIBRARIES = YES;
				BUNDLE_LOADER = "$(TEST_HOST)";
				CODE_SIGN_STYLE = Automatic;
				INFOPLIST_FILE = NewsTests/Info.plist;
				IPHONEOS_DEPLOYMENT_TARGET = 13.2;
				LD_RUNPATH_SEARCH_PATHS = (
					"$(inherited)",
					"@executable_path/Frameworks",
					"@loader_path/Frameworks",
				);
				PRODUCT_BUNDLE_IDENTIFIER = com.News.NewsTests;
				PRODUCT_NAME = "$(TARGET_NAME)";
				SWIFT_VERSION = 5.0;
				TARGETED_DEVICE_FAMILY = "1,2";
				TEST_HOST = "$(BUILT_PRODUCTS_DIR)/News.app/News";
			};
			name = Debug;
		};
		0280FC4A246F306A007973D9 /* Release */ = {
			isa = XCBuildConfiguration;
			baseConfigurationReference = 0393E48330142722ACB9C41A /* Pods-NewsTests.release.xcconfig */;
			buildSettings = {
				ALWAYS_EMBED_SWIFT_STANDARD_LIBRARIES = YES;
				BUNDLE_LOADER = "$(TEST_HOST)";
				CODE_SIGN_STYLE = Automatic;
				INFOPLIST_FILE = NewsTests/Info.plist;
				IPHONEOS_DEPLOYMENT_TARGET = 13.2;
				LD_RUNPATH_SEARCH_PATHS = (
					"$(inherited)",
					"@executable_path/Frameworks",
					"@loader_path/Frameworks",
				);
				PRODUCT_BUNDLE_IDENTIFIER = com.News.NewsTests;
				PRODUCT_NAME = "$(TARGET_NAME)";
				SWIFT_VERSION = 5.0;
				TARGETED_DEVICE_FAMILY = "1,2";
				TEST_HOST = "$(BUILT_PRODUCTS_DIR)/News.app/News";
			};
			name = Release;
		};
		02AA766A246FD9BC00A06904 /* Debug */ = {
			isa = XCBuildConfiguration;
			baseConfigurationReference = A4BDAA224F5B5EF11D91F458 /* Pods-NewsKit.debug.xcconfig */;
			buildSettings = {
				CLANG_ENABLE_MODULES = YES;
				CODE_SIGN_STYLE = Automatic;
				CURRENT_PROJECT_VERSION = 1;
				DEFINES_MODULE = YES;
				DYLIB_COMPATIBILITY_VERSION = 1;
				DYLIB_CURRENT_VERSION = 1;
				DYLIB_INSTALL_NAME_BASE = "@rpath";
				INFOPLIST_FILE = NewsKit/Info.plist;
				INSTALL_PATH = "$(LOCAL_LIBRARY_DIR)/Frameworks";
				LD_RUNPATH_SEARCH_PATHS = (
					"$(inherited)",
					"@executable_path/Frameworks",
					"@loader_path/Frameworks",
				);
				PRODUCT_BUNDLE_IDENTIFIER = com.News.NewsKit;
				PRODUCT_NAME = "$(TARGET_NAME:c99extidentifier)";
				SKIP_INSTALL = YES;
				SUPPORTS_MACCATALYST = NO;
				SWIFT_OPTIMIZATION_LEVEL = "-Onone";
				SWIFT_VERSION = 5.0;
				TARGETED_DEVICE_FAMILY = 1;
				VERSIONING_SYSTEM = "apple-generic";
				VERSION_INFO_PREFIX = "";
			};
			name = Debug;
		};
		02AA766B246FD9BC00A06904 /* Release */ = {
			isa = XCBuildConfiguration;
			baseConfigurationReference = A3F84F361648C29CA6486514 /* Pods-NewsKit.release.xcconfig */;
			buildSettings = {
				CLANG_ENABLE_MODULES = YES;
				CODE_SIGN_STYLE = Automatic;
				CURRENT_PROJECT_VERSION = 1;
				DEFINES_MODULE = YES;
				DYLIB_COMPATIBILITY_VERSION = 1;
				DYLIB_CURRENT_VERSION = 1;
				DYLIB_INSTALL_NAME_BASE = "@rpath";
				INFOPLIST_FILE = NewsKit/Info.plist;
				INSTALL_PATH = "$(LOCAL_LIBRARY_DIR)/Frameworks";
				LD_RUNPATH_SEARCH_PATHS = (
					"$(inherited)",
					"@executable_path/Frameworks",
					"@loader_path/Frameworks",
				);
				PRODUCT_BUNDLE_IDENTIFIER = com.News.NewsKit;
				PRODUCT_NAME = "$(TARGET_NAME:c99extidentifier)";
				SKIP_INSTALL = YES;
				SUPPORTS_MACCATALYST = NO;
				SWIFT_VERSION = 5.0;
				TARGETED_DEVICE_FAMILY = 1;
				VERSIONING_SYSTEM = "apple-generic";
				VERSION_INFO_PREFIX = "";
			};
			name = Release;
		};
		02AA766C246FD9BC00A06904 /* Debug */ = {
			isa = XCBuildConfiguration;
			baseConfigurationReference = 4BEA8C2800382E10C5650A91 /* Pods-NewsKitTests.debug.xcconfig */;
			buildSettings = {
				ALWAYS_EMBED_SWIFT_STANDARD_LIBRARIES = YES;
				CLANG_ENABLE_MODULES = YES;
				CODE_SIGN_STYLE = Automatic;
				INFOPLIST_FILE = NewsKitTests/Info.plist;
				LD_RUNPATH_SEARCH_PATHS = (
					"$(inherited)",
					"@executable_path/Frameworks",
					"@loader_path/Frameworks",
				);
				PRODUCT_BUNDLE_IDENTIFIER = com.News.NewsKitTests;
				PRODUCT_NAME = "$(TARGET_NAME)";
				SWIFT_OPTIMIZATION_LEVEL = "-Onone";
				SWIFT_VERSION = 5.0;
				TARGETED_DEVICE_FAMILY = "1,2";
				TEST_HOST = "$(BUILT_PRODUCTS_DIR)/News.app/News";
			};
			name = Debug;
		};
		02AA766D246FD9BC00A06904 /* Release */ = {
			isa = XCBuildConfiguration;
			baseConfigurationReference = 346B94A898B3DEEAB84A0640 /* Pods-NewsKitTests.release.xcconfig */;
			buildSettings = {
				ALWAYS_EMBED_SWIFT_STANDARD_LIBRARIES = YES;
				CLANG_ENABLE_MODULES = YES;
				CODE_SIGN_STYLE = Automatic;
				INFOPLIST_FILE = NewsKitTests/Info.plist;
				LD_RUNPATH_SEARCH_PATHS = (
					"$(inherited)",
					"@executable_path/Frameworks",
					"@loader_path/Frameworks",
				);
				PRODUCT_BUNDLE_IDENTIFIER = com.News.NewsKitTests;
				PRODUCT_NAME = "$(TARGET_NAME)";
				SWIFT_VERSION = 5.0;
				TARGETED_DEVICE_FAMILY = "1,2";
				TEST_HOST = "$(BUILT_PRODUCTS_DIR)/News.app/News";
			};
			name = Release;
		};
/* End XCBuildConfiguration section */

/* Begin XCConfigurationList section */
		0280FC21246F3067007973D9 /* Build configuration list for PBXProject "News" */ = {
			isa = XCConfigurationList;
			buildConfigurations = (
				0280FC43246F306A007973D9 /* Debug */,
				0280FC44246F306A007973D9 /* Release */,
			);
			defaultConfigurationIsVisible = 0;
			defaultConfigurationName = Release;
		};
		0280FC45246F306A007973D9 /* Build configuration list for PBXNativeTarget "News" */ = {
			isa = XCConfigurationList;
			buildConfigurations = (
				0280FC46246F306A007973D9 /* Debug */,
				0280FC47246F306A007973D9 /* Release */,
			);
			defaultConfigurationIsVisible = 0;
			defaultConfigurationName = Release;
		};
		0280FC48246F306A007973D9 /* Build configuration list for PBXNativeTarget "NewsTests" */ = {
			isa = XCConfigurationList;
			buildConfigurations = (
				0280FC49246F306A007973D9 /* Debug */,
				0280FC4A246F306A007973D9 /* Release */,
			);
			defaultConfigurationIsVisible = 0;
			defaultConfigurationName = Release;
		};
		02AA766E246FD9BC00A06904 /* Build configuration list for PBXNativeTarget "NewsKit" */ = {
			isa = XCConfigurationList;
			buildConfigurations = (
				02AA766A246FD9BC00A06904 /* Debug */,
				02AA766B246FD9BC00A06904 /* Release */,
			);
			defaultConfigurationIsVisible = 0;
			defaultConfigurationName = Release;
		};
		02AA766F246FD9BC00A06904 /* Build configuration list for PBXNativeTarget "NewsKitTests" */ = {
			isa = XCConfigurationList;
			buildConfigurations = (
				02AA766C246FD9BC00A06904 /* Debug */,
				02AA766D246FD9BC00A06904 /* Release */,
			);
			defaultConfigurationIsVisible = 0;
			defaultConfigurationName = Release;
		};
/* End XCConfigurationList section */
	};
	rootObject = 0280FC1E246F3067007973D9 /* Project object */;
}
